{
  "name": "WeKanDoIt",
  "lockfileVersion": 3,
  "requires": true,
  "packages": {
    "": {
      "dependencies": {
        "@fontsource-variable/figtree": "^5.2.10",
        "@fontsource-variable/lora": "^5.2.8",
        "@fontsource-variable/noto-sans": "^5.2.10",
        "tw-animate-css": "^1.4.0"
      }
    },
    "node_modules/@fontsource-variable/figtree": {
      "version": "5.2.10",
      "resolved": "https://registry.npmjs.org/@fontsource-variable/figtree/-/figtree-5.2.10.tgz",
      "integrity": "sha512-a5Gumbpy3mdd+Yg31g6Qb7CmjYbrfyutJa3bWfP5q8A4GclIOwX7mI+ZuSHsJnw/mHvW6r9oh1AHJcJTIxK4JA==",
      "license": "OFL-1.1",
      "funding": {
        "url": "https://github.com/sponsors/ayuhito"
      }
    },
    "node_modules/@fontsource-variable/lora": {
      "version": "5.2.8",
      "resolved": "https://registry.npmjs.org/@fontsource-variable/lora/-/lora-5.2.8.tgz",
      "integrity": "sha512-cxjTJ9BbOWIzusewR4UMBLVePvTSWV6dtNaNsCkF/oKoyA68fJGWfaYCILOOP1BObE4dmjfZ3xo6m9hdHhtYhg==",
      "license": "OFL-1.1",
      "funding": {
        "url": "https://github.com/sponsors/ayuhito"
      }
    },
    "node_modules/@fontsource-variable/noto-sans": {
      "version": "5.2.10",
      "resolved": "https://registry.npmjs.org/@fontsource-variable/noto-sans/-/noto-sans-5.2.10.tgz",
      "integrity": "sha512-wyFgKkFu7jki5kEL8qv7avjQ8rxHX0J/nhLWvbR9T0hOH1HRKZEvb9EW9lMjZfWHHfEzKkYf5J+NadwgCS7TXA==",
      "license": "OFL-1.1",
      "funding": {
        "url": "https://github.com/sponsors/ayuhito"
      }
    },
    "node_modules/tw-animate-css": {
      "version": "1.4.0",
      "resolved": "https://registry.npmjs.org/tw-animate-css/-/tw-animate-css-1.4.0.tgz",
      "integrity": "sha512-7bziOlRqH0hJx80h/3mbicLW7o8qLsH5+RaLR2t+OHM3D0JlWGODQKQ4cxbK7WlvmUxpcj6Kgu6EKqjrGFe3QQ==",
      "license": "MIT",
      "funding": {
        "url": "https://github.com/sponsors/Wombosvideo"
      }
    }
  }
}
